
Microsoft Visual Studio Solution File, Format Version 11.00
# Visual Studio 2010
Project("{54435603-DBB4-11D2-8724-00A0C9A8B90C}") = "VC2HMS", "VC2HMSSetup.vdproj", "{E9A8FB80-C9F5-48FE-BF23-870C81CBD6B5}"
EndProject
Global
	GlobalSection(SolutionConfigurationPlatforms) = preSolution
		Debug|Default = Debug|Default
		Release|Default = Release|Default
	EndGlobalSection
	GlobalSection(ProjectConfigurationPlatforms) = postSolution
		{E9A8FB80-C9F5-48FE-BF23-870C81CBD6B5}.Debug|Default.ActiveCfg = Debug
		{E9A8FB80-C9F5-48FE-BF23-870C81CBD6B5}.Debug|Default.Build.0 = Debug
		{E9A8FB80-C9F5-48FE-BF23-870C81CBD6B5}.Release|Default.ActiveCfg = Release
		{E9A8FB80-C9F5-48FE-BF23-870C81CBD6B5}.Release|Default.Build.0 = Release
	EndGlobalSection
	GlobalSection(SolutionProperties) = preSolution
		HideSolutionNode = FALSE
	EndGlobalSection
EndGlobal
